// !$*UTF8*$!
{
	archiveVersion = 1;
	classes = {
	};
	objectVersion = 50;
	objects = {

/* Begin PBXBuildFile section */
		D067521D214F9CF60086B007 /* AppDelegate.swift in Sources */ = {isa = PBXBuildFile; fileRef = D067521C214F9CF60086B007 /* AppDelegate.swift */; };
		D067521F214F9CF60086B007 /* ViewController.swift in Sources */ = {isa = PBXBuildFile; fileRef = D067521E214F9CF60086B007 /* ViewController.swift */; };
		D0675222214F9CF60086B007 /* Main.storyboard in Resources */ = {isa = PBXBuildFile; fileRef = D0675220214F9CF60086B007 /* Main.storyboard */; };
		D0675225214F9CF60086B007 /* FungiDoo.xcdatamodeld in Sources */ = {isa = PBXBuildFile; fileRef = D0675223214F9CF60086B007 /* FungiDoo.xcdatamodeld */; };
		D0675227214F9CF80086B007 /* Assets.xcassets in Resources */ = {isa = PBXBuildFile; fileRef = D0675226214F9CF80086B007 /* Assets.xcassets */; };
		D067522A214F9CF80086B007 /* LaunchScreen.storyboard in Resources */ = {isa = PBXBuildFile; fileRef = D0675228214F9CF80086B007 /* LaunchScreen.storyboard */; };
/* End PBXBuildFile section */

/* Begin PBXFileReference section */
		D0675219214F9CF60086B007 /* FungiDoo.app */ = {isa = PBXFileReference; explicitFileType = wrapper.application; includeInIndex = 0; path = FungiDoo.app; sourceTree = BUILT_PRODUCTS_DIR; };
		D067521C214F9CF60086B007 /* AppDelegate.swift */ = {isa = PBXFileReference; lastKnownFileType = sourcecode.swift; path = AppDelegate.swift; sourceTree = "<group>"; };
		D067521E214F9CF60086B007 /* ViewController.swift */ = {isa = PBXFileReference; lastKnownFileType = sourcecode.swift; path = ViewController.swift; sourceTree = "<group>"; };
		D0675221214F9CF60086B007 /* Base */ = {isa = PBXFileReference; lastKnownFileType = file.storyboard; name = Base; path = Base.lproj/Main.storyboard; sourceTree = "<group>"; };
		D0675224214F9CF60086B007 /* FungiDoo.xcdatamodel */ = {isa = PBXFileReference; lastKnownFileType = wrapper.xcdatamodel; path = FungiDoo.xcdatamodel; sourceTree = "<group>"; };
		D0675226214F9CF80086B007 /* Assets.xcassets */ = {isa = PBXFileReference; lastKnownFileType = folder.assetcatalog; path = Assets.xcassets; sourceTree = "<group>"; };
		D0675229214F9CF80086B007 /* Base */ = {isa = PBXFileReference; lastKnownFileType = file.storyboard; name = Base; path = Base.lproj/LaunchScreen.storyboard; sourceTree = "<group>"; };
		D067522B214F9CF80086B007 /* Info.plist */ = {isa = PBXFileReference; lastKnownFileType = text.plist.xml; path = Info.plist; sourceTree = "<group>"; };
/* End PBXFileReference section */

/* Begin PBXFrameworksBuildPhase section */
		D0675216214F9CF60086B007 /* Frameworks */ = {
			isa = PBXFrameworksBuildPhase;
			buildActionMask = 2147483647;
			files = (
			);
			runOnlyForDeploymentPostprocessing = 0;
		};
/* End PBXFrameworksBuildPhase section */

/* Begin PBXGroup section */
		D0675210214F9CF60086B007 = {
			isa = PBXGroup;
			children = (
				D067521B214F9CF60086B007 /* FungiDoo */,
				D067521A214F9CF60086B007 /* Products */,
			);
			sourceTree = "<group>";
		};
		D067521A214F9CF60086B007 /* Products */ = {
			isa = PBXGroup;
			children = (
				D0675219214F9CF60086B007 /* FungiDoo.app */,
			);
			name = Products;
			sourceTree = "<group>";
		};
		D067521B214F9CF60086B007 /* FungiDoo */ = {
			isa = PBXGroup;
			children = (
				D067521C214F9CF60086B007 /* AppDelegate.swift */,
				D067521E214F9CF60086B007 /* ViewController.swift */,
				D0675220214F9CF60086B007 /* Main.storyboard */,
				D0675226214F9CF80086B007 /* Assets.xcassets */,
				D0675228214F9CF80086B007 /* LaunchScreen.storyboard */,
				D067522B214F9CF80086B007 /* Info.plist */,
				D0675223214F9CF60086B007 /* FungiDoo.xcdatamodeld */,
			);
			path = FungiDoo;
			sourceTree = "<group>";
		};
/* End PBXGroup section */

/* Begin PBXNativeTarget section */
		D0675218214F9CF60086B007 /* FungiDoo */ = {
			isa = PBXNativeTarget;
			buildConfigurationList = D067522E214F9CF80086B007 /* Build configuration list for PBXNativeTarget "FungiDoo" */;
			buildPhases = (
				D0675215214F9CF60086B007 /* Sources */,
				D0675216214F9CF60086B007 /* Frameworks */,
				D0675217214F9CF60086B007 /* Resources */,
			);
			buildRules = (
			);
			dependencies = (
			);
			name = FungiDoo;
			productName = FungiDoo;
			productReference = D0675219214F9CF60086B007 /* FungiDoo.app */;
			productType = "com.apple.product-type.application";
		};
/* End PBXNativeTarget section */

/* Begin PBXProject section */
		D0675211214F9CF60086B007 /* Project object */ = {
			isa = PBXProject;
			attributes = {
				LastSwiftUpdateCheck = 0940;
				LastUpgradeCheck = 0940;
				ORGANIZATIONNAME = "Katja Fraeger";
				TargetAttributes = {
					D0675218214F9CF60086B007 = {
						CreatedOnToolsVersion = 9.4.1;
					};
				};
			};
			buildConfigurationList = D0675214214F9CF60086B007 /* Build configuration list for PBXProject "FungiDoo" */;
			compatibilityVersion = "Xcode 9.3";
			developmentRegion = en;
			hasScannedForEncodings = 0;
			knownRegions = (
				en,
				Base,
			);
			mainGroup = D0675210214F9CF60086B007;
			productRefGroup = D067521A214F9CF60086B007 /* Products */;
			projectDirPath = "";
			projectRoot = "";
			targets = (
				D0675218214F9CF60086B007 /* FungiDoo */,
			);
		};
/* End PBXProject section */

/* Begin PBXResourcesBuildPhase section */
		D0675217214F9CF60086B007 /* Resources */ = {
			isa = PBXResourcesBuildPhase;
			buildActionMask = 2147483647;
			files = (
				D067522A214F9CF80086B007 /* LaunchScreen.storyboard in Resources */,
				D0675227214F9CF80086B007 /* Assets.xcassets in Resources */,
				D0675222214F9CF60086B007 /* Main.storyboard in Resources */,
			);
			runOnlyForDeploymentPostprocessing = 0;
		};
/* End PBXResourcesBuildPhase section */

/* Begin PBXSourcesBuildPhase section */
		D0675215214F9CF60086B007 /* Sources */ = {
			isa = PBXSourcesBuildPhase;
			buildActionMask = 2147483647;
			files = (
				D0675225214F9CF60086B007 /* FungiDoo.xcdatamodeld in Sources */,
				D067521F214F9CF60086B007 /* ViewController.swift in Sources */,
				D067521D214F9CF60086B007 /* AppDelegate.swift in Sources */,
			);
			runOnlyForDeploymentPostprocessing = 0;
		};
/* End PBXSourcesBuildPhase section */

/* Begin PBXVariantGroup section */
		D0675220214F9CF60086B007 /* Main.storyboard */ = {
			isa = PBXVariantGroup;
			children = (
				D0675221214F9CF60086B007 /* Base */,
			);
			name = Main.storyboard;
			sourceTree = "<group>";
		};
		D0675228214F9CF80086B007 /* LaunchScreen.storyboard */ = {
			isa = PBXVariantGroup;
			children = (
				D0675229214F9CF80086B007 /* Base */,
			);
			name = LaunchScreen.storyboard;
			sourceTree = "<group>";
		};
/* End PBXVariantGroup section */

/* Begin XCBuildConfiguration section */
		D067522C214F9CF80086B007 /* Debug */ = {
			isa = XCBuildConfiguration;
			buildSettings = {
				ALWAYS_SEARCH_USER_PATHS = NO;
				CLANG_ANALYZER_NONNULL = YES;
				CLANG_ANALYZER_NUMBER_OBJECT_CONVERSION = YES_AGGRESSIVE;
				CLANG_CXX_LANGUAGE_STANDARD = "gnu++14";
				CLANG_CXX_LIBRARY = "libc++";
				CLANG_ENABLE_MODULES = YES;
				CLANG_ENABLE_OBJC_ARC = YES;
				CLANG_ENABLE_OBJC_WEAK = YES;
				CLANG_WARN_BLOCK_CAPTURE_AUTORELEASING = YES;
				CLANG_WARN_BOOL_CONVERSION = YES;
				CLANG_WARN_COMMA = YES;
				CLANG_WARN_CONSTANT_CONVERSION = YES;
				CLANG_WARN_DEPRECATED_OBJC_IMPLEMENTATIONS = YES;
				CLANG_WARN_DIRECT_OBJC_ISA_USAGE = YES_ERROR;
				CLANG_WARN_DOCUMENTATION_COMMENTS = YES;
				CLANG_WARN_EMPTY_BODY = YES;
				CLANG_WARN_ENUM_CONVERSION = YES;
				CLANG_WARN_INFINITE_RECURSION = YES;
				CLANG_WARN_INT_CONVERSION = YES;
				CLANG_WARN_NON_LITERAL_NULL_CONVERSION = YES;
				CLANG_WARN_OBJC_IMPLICIT_RETAIN_SELF = YES;
				CLANG_WARN_OBJC_LITERAL_CONVERSION = YES;
				CLANG_WARN_OBJC_ROOT_CLASS = YES_ERROR;
				CLANG_WARN_RANGE_LOOP_ANALYSIS = YES;
				CLANG_WARN_STRICT_PROTOTYPES = YES;
				CLANG_WARN_SUSPICIOUS_MOVE = YES;
				CLANG_WARN_UNGUARDED_AVAILABILITY = YES_AGGRESSIVE;
				CLANG_WARN_UNREACHABLE_CODE = YES;
				CLANG_WARN__DUPLICATE_METHOD_MATCH = YES;
				CODE_SIGN_IDENTITY = "iPhone Developer";
				COPY_PHASE_STRIP = NO;
				DEBUG_INFORMATION_FORMAT = dwarf;
				ENABLE_STRICT_OBJC_MSGSEND = YES;
				ENABLE_TESTABILITY = YES;
				GCC_C_LANGUAGE_STANDARD = gnu11;
				GCC_DYNAMIC_NO_PIC = NO;
				GCC_NO_COMMON_BLOCKS = YES;
				GCC_OPTIMIZATION_LEVEL = 0;
				GCC_PREPROCESSOR_DEFINITIONS = (
					"DEBUG=1",
					"$(inherited)",
				);
				GCC_WARN_64_TO_32_BIT_CONVERSION = YES;
				GCC_WARN_ABOUT_RETURN_TYPE = YES_ERROR;
				GCC_WARN_UNDECLARED_SELECTOR = YES;
				GCC_WARN_UNINITIALIZED_AUTOS = YES_AGGRESSIVE;
				GCC_WARN_UNUSED_FUNCTION = YES;
				GCC_WARN_UNUSED_VARIABLE = YES;
				IPHONEOS_DEPLOYMENT_TARGET = 11.4;
				MTL_ENABLE_DEBUG_INFO = YES;
				ONLY_ACTIVE_ARCH = YES;
				SDKROOT = iphoneos;
				SWIFT_ACTIVE_COMPILATION_CONDITIONS = DEBUG;
				SWIFT_OPTIMIZATION_LEVEL = "-Onone";
			};
			name = Debug;
		};
		D067522D214F9CF80086B007 /* Release */ = {
			isa = XCBuildConfiguration;
			buildSettings = {
				ALWAYS_SEARCH_USER_PATHS = NO;
				CLANG_ANALYZER_NONNULL = YES;
				CLANG_ANALYZER_NUMBER_OBJECT_CONVERSION = YES_AGGRESSIVE;
				CLANG_CXX_LANGUAGE_STANDARD = "gnu++14";
				CLANG_CXX_LIBRARY = "libc++";
				CLANG_ENABLE_MODULES = YES;
				CLANG_ENABLE_OBJC_ARC = YES;
				CLANG_ENABLE_OBJC_WEAK = YES;
				CLANG_WARN_BLOCK_CAPTURE_AUTORELEASING = YES;
				CLANG_WARN_BOOL_CONVERSION = YES;
				CLANG_WARN_COMMA = YES;
				CLANG_WARN_CONSTANT_CONVERSION = YES;
				CLANG_WARN_DEPRECATED_OBJC_IMPLEMENTATIONS = YES;
				CLANG_WARN_DIRECT_OBJC_ISA_USAGE = YES_ERROR;
				CLANG_WARN_DOCUMENTATION_COMMENTS = YES;
				CLANG_WARN_EMPTY_BODY = YES;
				CLANG_WARN_ENUM_CONVERSION = YES;
				CLANG_WARN_INFINITE_RECURSION = YES;
				CLANG_WARN_INT_CONVERSION = YES;
				CLANG_WARN_NON_LITERAL_NULL_CONVERSION = YES;
				CLANG_WARN_OBJC_IMPLICIT_RETAIN_SELF = YES;
				CLANG_WARN_OBJC_LITERAL_CONVERSION = YES;
				CLANG_WARN_OBJC_ROOT_CLASS = YES_ERROR;
				CLANG_WARN_RANGE_LOOP_ANALYSIS = YES;
				CLANG_WARN_STRICT_PROTOTYPES = YES;
				CLANG_WARN_SUSPICIOUS_MOVE = YES;
				CLANG_WARN_UNGUARDED_AVAILABILITY = YES_AGGRESSIVE;
				CLANG_WARN_UNREACHABLE_CODE = YES;
				CLANG_WARN__DUPLICATE_METHOD_MATCH = YES;
				CODE_SIGN_IDENTITY = "iPhone Developer";
				COPY_PHASE_STRIP = NO;
				DEBUG_INFORMATION_FORMAT = "dwarf-with-dsym";
				ENABLE_NS_ASSERTIONS = NO;
				ENABLE_STRICT_OBJC_MSGSEND = YES;
				GCC_C_LANGUAGE_STANDARD = gnu11;
				GCC_NO_COMMON_BLOCKS = YES;
				GCC_WARN_64_TO_32_BIT_CONVERSION = YES;
				GCC_WARN_ABOUT_RETURN_TYPE = YES_ERROR;
				GCC_WARN_UNDECLARED_SELECTOR = YES;
				GCC_WARN_UNINITIALIZED_AUTOS = YES_AGGRESSIVE;
				GCC_WARN_UNUSED_FUNCTION = YES;
				GCC_WARN_UNUSED_VARIABLE = YES;
				IPHONEOS_DEPLOYMENT_TARGET = 11.4;
				MTL_ENABLE_DEBUG_INFO = NO;
				SDKROOT = iphoneos;
				SWIFT_COMPILATION_MODE = wholemodule;
				SWIFT_OPTIMIZATION_LEVEL = "-O";
				VALIDATE_PRODUCT = YES;
			};
			name = Release;
		};
		D067522F214F9CF80086B007 /* Debug */ = {
			isa = XCBuildConfiguration;
			buildSettings = {
				ASSETCATALOG_COMPILER_APPICON_NAME = AppIcon;
				CODE_SIGN_STYLE = Automatic;
				DEVELOPMENT_TEAM = 288N4F226D;
				INFOPLIST_FILE = FungiDoo/Info.plist;
				LD_RUNPATH_SEARCH_PATHS = (
					"$(inherited)",
					"@executable_path/Frameworks",
				);
				PRODUCT_BUNDLE_IDENTIFIER = de.kfraeger.FungiDoo;
				PRODUCT_NAME = "$(TARGET_NAME)";
				SWIFT_VERSION = 4.0;
				TARGETED_DEVICE_FAMILY = "1,2";
			};
			name = Debug;
		};
		D0675230214F9CF80086B007 /* Release */ = {
			isa = XCBuildConfiguration;
			buildSettings = {
				ASSETCATALOG_COMPILER_APPICON_NAME = AppIcon;
				CODE_SIGN_STYLE = Automatic;
				DEVELOPMENT_TEAM = 288N4F226D;
				INFOPLIST_FILE = FungiDoo/Info.plist;
				LD_RUNPATH_SEARCH_PATHS = (
					"$(inherited)",
					"@executable_path/Frameworks",
				);
				PRODUCT_BUNDLE_IDENTIFIER = de.kfraeger.FungiDoo;
				PRODUCT_NAME = "$(TARGET_NAME)";
				SWIFT_VERSION = 4.0;
				TARGETED_DEVICE_FAMILY = "1,2";
			};
			name = Release;
		};
/* End XCBuildConfiguration section */

/* Begin XCConfigurationList section */
		D0675214214F9CF60086B007 /* Build configuration list for PBXProject "FungiDoo" */ = {
			isa = XCConfigurationList;
			buildConfigurations = (
				D067522C214F9CF80086B007 /* Debug */,
				D067522D214F9CF80086B007 /* Release */,
			);
			defaultConfigurationIsVisible = 0;
			defaultConfigurationName = Release;
		};
		D067522E214F9CF80086B007 /* Build configuration list for PBXNativeTarget "FungiDoo" */ = {
			isa = XCConfigurationList;
			buildConfigurations = (
				D067522F214F9CF80086B007 /* Debug */,
				D0675230214F9CF80086B007 /* Release */,
			);
			defaultConfigurationIsVisible = 0;
			defaultConfigurationName = Release;
		};
/* End XCConfigurationList section */

/* Begin XCVersionGroup section */
		D0675223214F9CF60086B007 /* FungiDoo.xcdatamodeld */ = {
			isa = XCVersionGroup;
			children = (
				D0675224214F9CF60086B007 /* FungiDoo.xcdatamodel */,
			);
			currentVersion = D0675224214F9CF60086B007 /* FungiDoo.xcdatamodel */;
			path = FungiDoo.xcdatamodeld;
			sourceTree = "<group>";
			versionGroupType = wrapper.xcdatamodel;
		};
/* End XCVersionGroup section */
	};
	rootObject = D0675211214F9CF60086B007 /* Project object */;
}
