// !$*UTF8*$!
{
	archiveVersion = 1;
	classes = {
	};
	objectVersion = 50;
	objects = {

/* Begin PBXBuildFile section */
		7609C2ADF6C81CDDDE73CC99 /* Pods_FungiDoo.framework in Frameworks */ = {isa = PBXBuildFile; fileRef = 7FED889CC8CFF9E8C91B1870 /* Pods_FungiDoo.framework */; };
		D014BAE2215131EE00C77187 /* UserListAddItemNameTableViewCell.swift in Sources */ = {isa = PBXBuildFile; fileRef = D014BAE0215131EE00C77187 /* UserListAddItemNameTableViewCell.swift */; };
		D014BAE5215134E800C77187 /* UserListAddItemImageTableViewCell.swift in Sources */ = {isa = PBXBuildFile; fileRef = D014BAE4215134E800C77187 /* UserListAddItemImageTableViewCell.swift */; };
		D03467FD2150F39300197129 /* UserListVC.swift in Sources */ = {isa = PBXBuildFile; fileRef = D03467FC2150F39300197129 /* UserListVC.swift */; };
		D03468012150FA2500197129 /* UserItemTableViewCell.swift in Sources */ = {isa = PBXBuildFile; fileRef = D03467FF2150FA2500197129 /* UserItemTableViewCell.swift */; };
		D03468022150FA2500197129 /* UserItemTableViewCell.xib in Resources */ = {isa = PBXBuildFile; fileRef = D03468002150FA2500197129 /* UserItemTableViewCell.xib */; };
		D034680421510F6900197129 /* UserListAddItemVC.swift in Sources */ = {isa = PBXBuildFile; fileRef = D034680321510F6900197129 /* UserListAddItemVC.swift */; };
		D067521D214F9CF60086B007 /* AppDelegate.swift in Sources */ = {isa = PBXBuildFile; fileRef = D067521C214F9CF60086B007 /* AppDelegate.swift */; };
		D0675222214F9CF60086B007 /* Main.storyboard in Resources */ = {isa = PBXBuildFile; fileRef = D0675220214F9CF60086B007 /* Main.storyboard */; };
		D0675225214F9CF60086B007 /* FungiDoo.xcdatamodeld in Sources */ = {isa = PBXBuildFile; fileRef = D0675223214F9CF60086B007 /* FungiDoo.xcdatamodeld */; };
		D0675227214F9CF80086B007 /* Assets.xcassets in Resources */ = {isa = PBXBuildFile; fileRef = D0675226214F9CF80086B007 /* Assets.xcassets */; };
		D067522A214F9CF80086B007 /* LaunchScreen.storyboard in Resources */ = {isa = PBXBuildFile; fileRef = D0675228214F9CF80086B007 /* LaunchScreen.storyboard */; };
		D0675233214F9DF10086B007 /* pilzeList.json in Resources */ = {isa = PBXBuildFile; fileRef = D0675232214F9DF10086B007 /* pilzeList.json */; };
		D097841621527F7A00CD3374 /* CameraVC.swift in Sources */ = {isa = PBXBuildFile; fileRef = D097841521527F7A00CD3374 /* CameraVC.swift */; };
		D0EA3880214FE3E6002E462C /* GlossarVC.swift in Sources */ = {isa = PBXBuildFile; fileRef = D0EA387F214FE3E6002E462C /* GlossarVC.swift */; };
		D0EA3882214FE47B002E462C /* Pilze.swift in Sources */ = {isa = PBXBuildFile; fileRef = D0EA3881214FE47B002E462C /* Pilze.swift */; };
		D0EA3885214FE694002E462C /* GlossarListTableViewCell.swift in Sources */ = {isa = PBXBuildFile; fileRef = D0EA3883214FE694002E462C /* GlossarListTableViewCell.swift */; };
		D0EA3886214FE694002E462C /* GlossarListTableViewCell.xib in Resources */ = {isa = PBXBuildFile; fileRef = D0EA3884214FE694002E462C /* GlossarListTableViewCell.xib */; };
		D0EA3888214FF419002E462C /* AlertService.swift in Sources */ = {isa = PBXBuildFile; fileRef = D0EA3887214FF419002E462C /* AlertService.swift */; };
		D0EA388B21500022002E462C /* GlossarHelpVC.swift in Sources */ = {isa = PBXBuildFile; fileRef = D0EA388A21500021002E462C /* GlossarHelpVC.swift */; };
		D0EA388D215001AA002E462C /* GlossarHelpTableViewCell.swift in Sources */ = {isa = PBXBuildFile; fileRef = D0EA388C215001AA002E462C /* GlossarHelpTableViewCell.swift */; };
		D0EA388F21501367002E462C /* GlossarDetailVC.swift in Sources */ = {isa = PBXBuildFile; fileRef = D0EA388E21501367002E462C /* GlossarDetailVC.swift */; };
/* End PBXBuildFile section */

/* Begin PBXFileReference section */
		539F91D9F1DD01E0ED45B0CA /* Pods-FungiDoo.debug.xcconfig */ = {isa = PBXFileReference; includeInIndex = 1; lastKnownFileType = text.xcconfig; name = "Pods-FungiDoo.debug.xcconfig"; path = "Pods/Target Support Files/Pods-FungiDoo/Pods-FungiDoo.debug.xcconfig"; sourceTree = "<group>"; };
		7FED889CC8CFF9E8C91B1870 /* Pods_FungiDoo.framework */ = {isa = PBXFileReference; explicitFileType = wrapper.framework; includeInIndex = 0; path = Pods_FungiDoo.framework; sourceTree = BUILT_PRODUCTS_DIR; };
		D014BAE0215131EE00C77187 /* UserListAddItemNameTableViewCell.swift */ = {isa = PBXFileReference; lastKnownFileType = sourcecode.swift; path = UserListAddItemNameTableViewCell.swift; sourceTree = "<group>"; };
		D014BAE4215134E800C77187 /* UserListAddItemImageTableViewCell.swift */ = {isa = PBXFileReference; lastKnownFileType = sourcecode.swift; path = UserListAddItemImageTableViewCell.swift; sourceTree = "<group>"; };
		D03467FC2150F39300197129 /* UserListVC.swift */ = {isa = PBXFileReference; lastKnownFileType = sourcecode.swift; path = UserListVC.swift; sourceTree = "<group>"; };
		D03467FF2150FA2500197129 /* UserItemTableViewCell.swift */ = {isa = PBXFileReference; lastKnownFileType = sourcecode.swift; path = UserItemTableViewCell.swift; sourceTree = "<group>"; };
		D03468002150FA2500197129 /* UserItemTableViewCell.xib */ = {isa = PBXFileReference; lastKnownFileType = file.xib; path = UserItemTableViewCell.xib; sourceTree = "<group>"; };
		D034680321510F6900197129 /* UserListAddItemVC.swift */ = {isa = PBXFileReference; lastKnownFileType = sourcecode.swift; path = UserListAddItemVC.swift; sourceTree = "<group>"; };
		D0675219214F9CF60086B007 /* FungiDoo.app */ = {isa = PBXFileReference; explicitFileType = wrapper.application; includeInIndex = 0; path = FungiDoo.app; sourceTree = BUILT_PRODUCTS_DIR; };
		D067521C214F9CF60086B007 /* AppDelegate.swift */ = {isa = PBXFileReference; lastKnownFileType = sourcecode.swift; path = AppDelegate.swift; sourceTree = "<group>"; };
		D0675221214F9CF60086B007 /* Base */ = {isa = PBXFileReference; lastKnownFileType = file.storyboard; name = Base; path = Base.lproj/Main.storyboard; sourceTree = "<group>"; };
		D0675224214F9CF60086B007 /* FungiDoo.xcdatamodel */ = {isa = PBXFileReference; lastKnownFileType = wrapper.xcdatamodel; path = FungiDoo.xcdatamodel; sourceTree = "<group>"; };
		D0675226214F9CF80086B007 /* Assets.xcassets */ = {isa = PBXFileReference; lastKnownFileType = folder.assetcatalog; path = Assets.xcassets; sourceTree = "<group>"; };
		D0675229214F9CF80086B007 /* Base */ = {isa = PBXFileReference; lastKnownFileType = file.storyboard; name = Base; path = Base.lproj/LaunchScreen.storyboard; sourceTree = "<group>"; };
		D067522B214F9CF80086B007 /* Info.plist */ = {isa = PBXFileReference; lastKnownFileType = text.plist.xml; path = Info.plist; sourceTree = "<group>"; };
		D0675232214F9DF10086B007 /* pilzeList.json */ = {isa = PBXFileReference; lastKnownFileType = text.json; path = pilzeList.json; sourceTree = "<group>"; };
		D097841521527F7A00CD3374 /* CameraVC.swift */ = {isa = PBXFileReference; lastKnownFileType = sourcecode.swift; path = CameraVC.swift; sourceTree = "<group>"; };
		D0EA387F214FE3E6002E462C /* GlossarVC.swift */ = {isa = PBXFileReference; lastKnownFileType = sourcecode.swift; path = GlossarVC.swift; sourceTree = "<group>"; };
		D0EA3881214FE47B002E462C /* Pilze.swift */ = {isa = PBXFileReference; lastKnownFileType = sourcecode.swift; path = Pilze.swift; sourceTree = "<group>"; };
		D0EA3883214FE694002E462C /* GlossarListTableViewCell.swift */ = {isa = PBXFileReference; lastKnownFileType = sourcecode.swift; path = GlossarListTableViewCell.swift; sourceTree = "<group>"; };
		D0EA3884214FE694002E462C /* GlossarListTableViewCell.xib */ = {isa = PBXFileReference; lastKnownFileType = file.xib; path = GlossarListTableViewCell.xib; sourceTree = "<group>"; };
		D0EA3887214FF419002E462C /* AlertService.swift */ = {isa = PBXFileReference; lastKnownFileType = sourcecode.swift; path = AlertService.swift; sourceTree = "<group>"; };
		D0EA388A21500021002E462C /* GlossarHelpVC.swift */ = {isa = PBXFileReference; fileEncoding = 4; lastKnownFileType = sourcecode.swift; path = GlossarHelpVC.swift; sourceTree = "<group>"; };
		D0EA388C215001AA002E462C /* GlossarHelpTableViewCell.swift */ = {isa = PBXFileReference; lastKnownFileType = sourcecode.swift; path = GlossarHelpTableViewCell.swift; sourceTree = "<group>"; };
		D0EA388E21501367002E462C /* GlossarDetailVC.swift */ = {isa = PBXFileReference; lastKnownFileType = sourcecode.swift; path = GlossarDetailVC.swift; sourceTree = "<group>"; };
		D4108D0D4BDCDF3C379AFA5B /* Pods-FungiDoo.release.xcconfig */ = {isa = PBXFileReference; includeInIndex = 1; lastKnownFileType = text.xcconfig; name = "Pods-FungiDoo.release.xcconfig"; path = "Pods/Target Support Files/Pods-FungiDoo/Pods-FungiDoo.release.xcconfig"; sourceTree = "<group>"; };
/* End PBXFileReference section */

/* Begin PBXFrameworksBuildPhase section */
		D0675216214F9CF60086B007 /* Frameworks */ = {
			isa = PBXFrameworksBuildPhase;
			buildActionMask = 2147483647;
			files = (
				7609C2ADF6C81CDDDE73CC99 /* Pods_FungiDoo.framework in Frameworks */,
			);
			runOnlyForDeploymentPostprocessing = 0;
		};
/* End PBXFrameworksBuildPhase section */

/* Begin PBXGroup section */
		66AACC76C33BF19BBD3465EF /* Frameworks */ = {
			isa = PBXGroup;
			children = (
				7FED889CC8CFF9E8C91B1870 /* Pods_FungiDoo.framework */,
			);
			name = Frameworks;
			sourceTree = "<group>";
		};
		7BFBC021CA65F5738E4F20D3 /* Pods */ = {
			isa = PBXGroup;
			children = (
				539F91D9F1DD01E0ED45B0CA /* Pods-FungiDoo.debug.xcconfig */,
				D4108D0D4BDCDF3C379AFA5B /* Pods-FungiDoo.release.xcconfig */,
			);
			name = Pods;
			sourceTree = "<group>";
		};
		D03467FE2150F3E500197129 /* GlossarViews */ = {
			isa = PBXGroup;
			children = (
				D0EA388C215001AA002E462C /* GlossarHelpTableViewCell.swift */,
				D0EA3883214FE694002E462C /* GlossarListTableViewCell.swift */,
				D0EA3884214FE694002E462C /* GlossarListTableViewCell.xib */,
			);
			path = GlossarViews;
			sourceTree = "<group>";
		};
		D0675210214F9CF60086B007 = {
			isa = PBXGroup;
			children = (
				D067521B214F9CF60086B007 /* FungiDoo */,
				D067521A214F9CF60086B007 /* Products */,
				7BFBC021CA65F5738E4F20D3 /* Pods */,
				66AACC76C33BF19BBD3465EF /* Frameworks */,
			);
			sourceTree = "<group>";
		};
		D067521A214F9CF60086B007 /* Products */ = {
			isa = PBXGroup;
			children = (
				D0675219214F9CF60086B007 /* FungiDoo.app */,
			);
			name = Products;
			sourceTree = "<group>";
		};
		D067521B214F9CF60086B007 /* FungiDoo */ = {
			isa = PBXGroup;
			children = (
				D0EA387B214FDF36002E462C /* Model */,
				D0675235214F9FA60086B007 /* Controller */,
				D0675234214F9F8F0086B007 /* View */,
				D0675231214F9DA00086B007 /* SupportFiles */,
				D067521C214F9CF60086B007 /* AppDelegate.swift */,
				D0675226214F9CF80086B007 /* Assets.xcassets */,
				D067522B214F9CF80086B007 /* Info.plist */,
				D0675223214F9CF60086B007 /* FungiDoo.xcdatamodeld */,
				D0EA3889214FF420002E462C /* Services */,
			);
			path = FungiDoo;
			sourceTree = "<group>";
		};
		D0675231214F9DA00086B007 /* SupportFiles */ = {
			isa = PBXGroup;
			children = (
				D0675232214F9DF10086B007 /* pilzeList.json */,
			);
			path = SupportFiles;
			sourceTree = "<group>";
		};
		D0675234214F9F8F0086B007 /* View */ = {
			isa = PBXGroup;
			children = (
				D03467FE2150F3E500197129 /* GlossarViews */,
				D0675220214F9CF60086B007 /* Main.storyboard */,
				D0675228214F9CF80086B007 /* LaunchScreen.storyboard */,
				D097841821527FCF00CD3374 /* UserListViews */,
			);
			path = View;
			sourceTree = "<group>";
		};
		D0675235214F9FA60086B007 /* Controller */ = {
			isa = PBXGroup;
			children = (
				D0EA38902150173A002E462C /* GlossarVCs */,
				D097841721527FAC00CD3374 /* UserListVCs */,
				D097841521527F7A00CD3374 /* CameraVC.swift */,
			);
			path = Controller;
			sourceTree = "<group>";
		};
		D097841721527FAC00CD3374 /* UserListVCs */ = {
			isa = PBXGroup;
			children = (
				D03467FC2150F39300197129 /* UserListVC.swift */,
				D034680321510F6900197129 /* UserListAddItemVC.swift */,
			);
			path = UserListVCs;
			sourceTree = "<group>";
		};
		D097841821527FCF00CD3374 /* UserListViews */ = {
			isa = PBXGroup;
			children = (
				D03467FF2150FA2500197129 /* UserItemTableViewCell.swift */,
				D03468002150FA2500197129 /* UserItemTableViewCell.xib */,
				D014BAE0215131EE00C77187 /* UserListAddItemNameTableViewCell.swift */,
				D014BAE4215134E800C77187 /* UserListAddItemImageTableViewCell.swift */,
			);
			path = UserListViews;
			sourceTree = "<group>";
		};
		D0EA387B214FDF36002E462C /* Model */ = {
			isa = PBXGroup;
			children = (
				D0EA3881214FE47B002E462C /* Pilze.swift */,
			);
			path = Model;
			sourceTree = "<group>";
		};
		D0EA3889214FF420002E462C /* Services */ = {
			isa = PBXGroup;
			children = (
				D0EA3887214FF419002E462C /* AlertService.swift */,
			);
			path = Services;
			sourceTree = "<group>";
		};
		D0EA38902150173A002E462C /* GlossarVCs */ = {
			isa = PBXGroup;
			children = (
				D0EA388E21501367002E462C /* GlossarDetailVC.swift */,
				D0EA388A21500021002E462C /* GlossarHelpVC.swift */,
				D0EA387F214FE3E6002E462C /* GlossarVC.swift */,
			);
			path = GlossarVCs;
			sourceTree = "<group>";
		};
/* End PBXGroup section */

/* Begin PBXNativeTarget section */
		D0675218214F9CF60086B007 /* FungiDoo */ = {
			isa = PBXNativeTarget;
			buildConfigurationList = D067522E214F9CF80086B007 /* Build configuration list for PBXNativeTarget "FungiDoo" */;
			buildPhases = (
				0A80034FA091E0D1EE86EC06 /* [CP] Check Pods Manifest.lock */,
				D0675215214F9CF60086B007 /* Sources */,
				D0675216214F9CF60086B007 /* Frameworks */,
				D0675217214F9CF60086B007 /* Resources */,
				158EB8A3FEBC2B50BB86F50D /* [CP] Embed Pods Frameworks */,
			);
			buildRules = (
			);
			dependencies = (
			);
			name = FungiDoo;
			productName = FungiDoo;
			productReference = D0675219214F9CF60086B007 /* FungiDoo.app */;
			productType = "com.apple.product-type.application";
		};
/* End PBXNativeTarget section */

/* Begin PBXProject section */
		D0675211214F9CF60086B007 /* Project object */ = {
			isa = PBXProject;
			attributes = {
				LastSwiftUpdateCheck = 0940;
				LastUpgradeCheck = 0940;
				ORGANIZATIONNAME = "Katja Fraeger";
				TargetAttributes = {
					D0675218214F9CF60086B007 = {
						CreatedOnToolsVersion = 9.4.1;
						LastSwiftMigration = 1000;
					};
				};
			};
			buildConfigurationList = D0675214214F9CF60086B007 /* Build configuration list for PBXProject "FungiDoo" */;
			compatibilityVersion = "Xcode 9.3";
			developmentRegion = en;
			hasScannedForEncodings = 0;
			knownRegions = (
				en,
				Base,
			);
			mainGroup = D0675210214F9CF60086B007;
			productRefGroup = D067521A214F9CF60086B007 /* Products */;
			projectDirPath = "";
			projectRoot = "";
			targets = (
				D0675218214F9CF60086B007 /* FungiDoo */,
			);
		};
/* End PBXProject section */

/* Begin PBXResourcesBuildPhase section */
		D0675217214F9CF60086B007 /* Resources */ = {
			isa = PBXResourcesBuildPhase;
			buildActionMask = 2147483647;
			files = (
				D067522A214F9CF80086B007 /* LaunchScreen.storyboard in Resources */,
				D03468022150FA2500197129 /* UserItemTableViewCell.xib in Resources */,
				D0675227214F9CF80086B007 /* Assets.xcassets in Resources */,
				D0675233214F9DF10086B007 /* pilzeList.json in Resources */,
				D0675222214F9CF60086B007 /* Main.storyboard in Resources */,
				D0EA3886214FE694002E462C /* GlossarListTableViewCell.xib in Resources */,
			);
			runOnlyForDeploymentPostprocessing = 0;
		};
/* End PBXResourcesBuildPhase section */

/* Begin PBXShellScriptBuildPhase section */
		0A80034FA091E0D1EE86EC06 /* [CP] Check Pods Manifest.lock */ = {
			isa = PBXShellScriptBuildPhase;
			buildActionMask = 2147483647;
			files = (
			);
			inputPaths = (
				"${PODS_PODFILE_DIR_PATH}/Podfile.lock",
				"${PODS_ROOT}/Manifest.lock",
			);
			name = "[CP] Check Pods Manifest.lock";
			outputPaths = (
				"$(DERIVED_FILE_DIR)/Pods-FungiDoo-checkManifestLockResult.txt",
			);
			runOnlyForDeploymentPostprocessing = 0;
			shellPath = /bin/sh;
			shellScript = "diff \"${PODS_PODFILE_DIR_PATH}/Podfile.lock\" \"${PODS_ROOT}/Manifest.lock\" > /dev/null\nif [ $? != 0 ] ; then\n    # print error to STDERR\n    echo \"error: The sandbox is not in sync with the Podfile.lock. Run 'pod install' or update your CocoaPods installation.\" >&2\n    exit 1\nfi\n# This output is used by Xcode 'outputs' to avoid re-running this script phase.\necho \"SUCCESS\" > \"${SCRIPT_OUTPUT_FILE_0}\"\n";
			showEnvVarsInLog = 0;
		};
		158EB8A3FEBC2B50BB86F50D /* [CP] Embed Pods Frameworks */ = {
			isa = PBXShellScriptBuildPhase;
			buildActionMask = 2147483647;
			files = (
			);
			inputPaths = (
				"${SRCROOT}/Pods/Target Support Files/Pods-FungiDoo/Pods-FungiDoo-frameworks.sh",
				"${BUILT_PRODUCTS_DIR}/Alamofire/Alamofire.framework",
				"${BUILT_PRODUCTS_DIR}/AlamofireImage/AlamofireImage.framework",
				"${BUILT_PRODUCTS_DIR}/ProgressHUD/ProgressHUD.framework",
				"${BUILT_PRODUCTS_DIR}/SwiftyJSON/SwiftyJSON.framework",
			);
			name = "[CP] Embed Pods Frameworks";
			outputPaths = (
				"${TARGET_BUILD_DIR}/${FRAMEWORKS_FOLDER_PATH}/Alamofire.framework",
				"${TARGET_BUILD_DIR}/${FRAMEWORKS_FOLDER_PATH}/AlamofireImage.framework",
				"${TARGET_BUILD_DIR}/${FRAMEWORKS_FOLDER_PATH}/ProgressHUD.framework",
				"${TARGET_BUILD_DIR}/${FRAMEWORKS_FOLDER_PATH}/SwiftyJSON.framework",
			);
			runOnlyForDeploymentPostprocessing = 0;
			shellPath = /bin/sh;
			shellScript = "\"${SRCROOT}/Pods/Target Support Files/Pods-FungiDoo/Pods-FungiDoo-frameworks.sh\"\n";
			showEnvVarsInLog = 0;
		};
/* End PBXShellScriptBuildPhase section */

/* Begin PBXSourcesBuildPhase section */
		D0675215214F9CF60086B007 /* Sources */ = {
			isa = PBXSourcesBuildPhase;
			buildActionMask = 2147483647;
			files = (
				D0EA3882214FE47B002E462C /* Pilze.swift in Sources */,
				D03467FD2150F39300197129 /* UserListVC.swift in Sources */,
				D0675225214F9CF60086B007 /* FungiDoo.xcdatamodeld in Sources */,
				D0EA3888214FF419002E462C /* AlertService.swift in Sources */,
				D0EA388D215001AA002E462C /* GlossarHelpTableViewCell.swift in Sources */,
				D0EA3885214FE694002E462C /* GlossarListTableViewCell.swift in Sources */,
				D0EA388B21500022002E462C /* GlossarHelpVC.swift in Sources */,
				D097841621527F7A00CD3374 /* CameraVC.swift in Sources */,
				D014BAE5215134E800C77187 /* UserListAddItemImageTableViewCell.swift in Sources */,
				D0EA388F21501367002E462C /* GlossarDetailVC.swift in Sources */,
				D0EA3880214FE3E6002E462C /* GlossarVC.swift in Sources */,
				D03468012150FA2500197129 /* UserItemTableViewCell.swift in Sources */,
				D034680421510F6900197129 /* UserListAddItemVC.swift in Sources */,
				D014BAE2215131EE00C77187 /* UserListAddItemNameTableViewCell.swift in Sources */,
				D067521D214F9CF60086B007 /* AppDelegate.swift in Sources */,
			);
			runOnlyForDeploymentPostprocessing = 0;
		};
/* End PBXSourcesBuildPhase section */

/* Begin PBXVariantGroup section */
		D0675220214F9CF60086B007 /* Main.storyboard */ = {
			isa = PBXVariantGroup;
			children = (
				D0675221214F9CF60086B007 /* Base */,
			);
			name = Main.storyboard;
			sourceTree = "<group>";
		};
		D0675228214F9CF80086B007 /* LaunchScreen.storyboard */ = {
			isa = PBXVariantGroup;
			children = (
				D0675229214F9CF80086B007 /* Base */,
			);
			name = LaunchScreen.storyboard;
			sourceTree = "<group>";
		};
/* End PBXVariantGroup section */

/* Begin XCBuildConfiguration section */
		D067522C214F9CF80086B007 /* Debug */ = {
			isa = XCBuildConfiguration;
			buildSettings = {
				ALWAYS_SEARCH_USER_PATHS = NO;
				CLANG_ANALYZER_NONNULL = YES;
				CLANG_ANALYZER_NUMBER_OBJECT_CONVERSION = YES_AGGRESSIVE;
				CLANG_CXX_LANGUAGE_STANDARD = "gnu++14";
				CLANG_CXX_LIBRARY = "libc++";
				CLANG_ENABLE_MODULES = YES;
				CLANG_ENABLE_OBJC_ARC = YES;
				CLANG_ENABLE_OBJC_WEAK = YES;
				CLANG_WARN_BLOCK_CAPTURE_AUTORELEASING = YES;
				CLANG_WARN_BOOL_CONVERSION = YES;
				CLANG_WARN_COMMA = YES;
				CLANG_WARN_CONSTANT_CONVERSION = YES;
				CLANG_WARN_DEPRECATED_OBJC_IMPLEMENTATIONS = YES;
				CLANG_WARN_DIRECT_OBJC_ISA_USAGE = YES_ERROR;
				CLANG_WARN_DOCUMENTATION_COMMENTS = YES;
				CLANG_WARN_EMPTY_BODY = YES;
				CLANG_WARN_ENUM_CONVERSION = YES;
				CLANG_WARN_INFINITE_RECURSION = YES;
				CLANG_WARN_INT_CONVERSION = YES;
				CLANG_WARN_NON_LITERAL_NULL_CONVERSION = YES;
				CLANG_WARN_OBJC_IMPLICIT_RETAIN_SELF = YES;
				CLANG_WARN_OBJC_LITERAL_CONVERSION = YES;
				CLANG_WARN_OBJC_ROOT_CLASS = YES_ERROR;
				CLANG_WARN_RANGE_LOOP_ANALYSIS = YES;
				CLANG_WARN_STRICT_PROTOTYPES = YES;
				CLANG_WARN_SUSPICIOUS_MOVE = YES;
				CLANG_WARN_UNGUARDED_AVAILABILITY = YES_AGGRESSIVE;
				CLANG_WARN_UNREACHABLE_CODE = YES;
				CLANG_WARN__DUPLICATE_METHOD_MATCH = YES;
				CODE_SIGN_IDENTITY = "iPhone Developer";
				COPY_PHASE_STRIP = NO;
				DEBUG_INFORMATION_FORMAT = dwarf;
				ENABLE_STRICT_OBJC_MSGSEND = YES;
				ENABLE_TESTABILITY = YES;
				GCC_C_LANGUAGE_STANDARD = gnu11;
				GCC_DYNAMIC_NO_PIC = NO;
				GCC_NO_COMMON_BLOCKS = YES;
				GCC_OPTIMIZATION_LEVEL = 0;
				GCC_PREPROCESSOR_DEFINITIONS = (
					"DEBUG=1",
					"$(inherited)",
				);
				GCC_WARN_64_TO_32_BIT_CONVERSION = YES;
				GCC_WARN_ABOUT_RETURN_TYPE = YES_ERROR;
				GCC_WARN_UNDECLARED_SELECTOR = YES;
				GCC_WARN_UNINITIALIZED_AUTOS = YES_AGGRESSIVE;
				GCC_WARN_UNUSED_FUNCTION = YES;
				GCC_WARN_UNUSED_VARIABLE = YES;
				IPHONEOS_DEPLOYMENT_TARGET = 11.4;
				MTL_ENABLE_DEBUG_INFO = YES;
				ONLY_ACTIVE_ARCH = YES;
				SDKROOT = iphoneos;
				SWIFT_ACTIVE_COMPILATION_CONDITIONS = DEBUG;
				SWIFT_OPTIMIZATION_LEVEL = "-Onone";
			};
			name = Debug;
		};
		D067522D214F9CF80086B007 /* Release */ = {
			isa = XCBuildConfiguration;
			buildSettings = {
				ALWAYS_SEARCH_USER_PATHS = NO;
				CLANG_ANALYZER_NONNULL = YES;
				CLANG_ANALYZER_NUMBER_OBJECT_CONVERSION = YES_AGGRESSIVE;
				CLANG_CXX_LANGUAGE_STANDARD = "gnu++14";
				CLANG_CXX_LIBRARY = "libc++";
				CLANG_ENABLE_MODULES = YES;
				CLANG_ENABLE_OBJC_ARC = YES;
				CLANG_ENABLE_OBJC_WEAK = YES;
				CLANG_WARN_BLOCK_CAPTURE_AUTORELEASING = YES;
				CLANG_WARN_BOOL_CONVERSION = YES;
				CLANG_WARN_COMMA = YES;
				CLANG_WARN_CONSTANT_CONVERSION = YES;
				CLANG_WARN_DEPRECATED_OBJC_IMPLEMENTATIONS = YES;
				CLANG_WARN_DIRECT_OBJC_ISA_USAGE = YES_ERROR;
				CLANG_WARN_DOCUMENTATION_COMMENTS = YES;
				CLANG_WARN_EMPTY_BODY = YES;
				CLANG_WARN_ENUM_CONVERSION = YES;
				CLANG_WARN_INFINITE_RECURSION = YES;
				CLANG_WARN_INT_CONVERSION = YES;
				CLANG_WARN_NON_LITERAL_NULL_CONVERSION = YES;
				CLANG_WARN_OBJC_IMPLICIT_RETAIN_SELF = YES;
				CLANG_WARN_OBJC_LITERAL_CONVERSION = YES;
				CLANG_WARN_OBJC_ROOT_CLASS = YES_ERROR;
				CLANG_WARN_RANGE_LOOP_ANALYSIS = YES;
				CLANG_WARN_STRICT_PROTOTYPES = YES;
				CLANG_WARN_SUSPICIOUS_MOVE = YES;
				CLANG_WARN_UNGUARDED_AVAILABILITY = YES_AGGRESSIVE;
				CLANG_WARN_UNREACHABLE_CODE = YES;
				CLANG_WARN__DUPLICATE_METHOD_MATCH = YES;
				CODE_SIGN_IDENTITY = "iPhone Developer";
				COPY_PHASE_STRIP = NO;
				DEBUG_INFORMATION_FORMAT = "dwarf-with-dsym";
				ENABLE_NS_ASSERTIONS = NO;
				ENABLE_STRICT_OBJC_MSGSEND = YES;
				GCC_C_LANGUAGE_STANDARD = gnu11;
				GCC_NO_COMMON_BLOCKS = YES;
				GCC_WARN_64_TO_32_BIT_CONVERSION = YES;
				GCC_WARN_ABOUT_RETURN_TYPE = YES_ERROR;
				GCC_WARN_UNDECLARED_SELECTOR = YES;
				GCC_WARN_UNINITIALIZED_AUTOS = YES_AGGRESSIVE;
				GCC_WARN_UNUSED_FUNCTION = YES;
				GCC_WARN_UNUSED_VARIABLE = YES;
				IPHONEOS_DEPLOYMENT_TARGET = 11.4;
				MTL_ENABLE_DEBUG_INFO = NO;
				SDKROOT = iphoneos;
				SWIFT_COMPILATION_MODE = wholemodule;
				SWIFT_OPTIMIZATION_LEVEL = "-O";
				VALIDATE_PRODUCT = YES;
			};
			name = Release;
		};
		D067522F214F9CF80086B007 /* Debug */ = {
			isa = XCBuildConfiguration;
			baseConfigurationReference = 539F91D9F1DD01E0ED45B0CA /* Pods-FungiDoo.debug.xcconfig */;
			buildSettings = {
				ASSETCATALOG_COMPILER_APPICON_NAME = AppIcon;
				CODE_SIGN_STYLE = Automatic;
				DEVELOPMENT_TEAM = 288N4F226D;
				INFOPLIST_FILE = FungiDoo/Info.plist;
				LD_RUNPATH_SEARCH_PATHS = (
					"$(inherited)",
					"@executable_path/Frameworks",
				);
				PRODUCT_BUNDLE_IDENTIFIER = de.kfraeger.FungiDoo;
				PRODUCT_NAME = "$(TARGET_NAME)";
				SWIFT_VERSION = 4.2;
				TARGETED_DEVICE_FAMILY = 1;
			};
			name = Debug;
		};
		D0675230214F9CF80086B007 /* Release */ = {
			isa = XCBuildConfiguration;
			baseConfigurationReference = D4108D0D4BDCDF3C379AFA5B /* Pods-FungiDoo.release.xcconfig */;
			buildSettings = {
				ASSETCATALOG_COMPILER_APPICON_NAME = AppIcon;
				CODE_SIGN_STYLE = Automatic;
				DEVELOPMENT_TEAM = 288N4F226D;
				INFOPLIST_FILE = FungiDoo/Info.plist;
				LD_RUNPATH_SEARCH_PATHS = (
					"$(inherited)",
					"@executable_path/Frameworks",
				);
				PRODUCT_BUNDLE_IDENTIFIER = de.kfraeger.FungiDoo;
				PRODUCT_NAME = "$(TARGET_NAME)";
				SWIFT_VERSION = 4.2;
				TARGETED_DEVICE_FAMILY = 1;
			};
			name = Release;
		};
/* End XCBuildConfiguration section */

/* Begin XCConfigurationList section */
		D0675214214F9CF60086B007 /* Build configuration list for PBXProject "FungiDoo" */ = {
			isa = XCConfigurationList;
			buildConfigurations = (
				D067522C214F9CF80086B007 /* Debug */,
				D067522D214F9CF80086B007 /* Release */,
			);
			defaultConfigurationIsVisible = 0;
			defaultConfigurationName = Release;
		};
		D067522E214F9CF80086B007 /* Build configuration list for PBXNativeTarget "FungiDoo" */ = {
			isa = XCConfigurationList;
			buildConfigurations = (
				D067522F214F9CF80086B007 /* Debug */,
				D0675230214F9CF80086B007 /* Release */,
			);
			defaultConfigurationIsVisible = 0;
			defaultConfigurationName = Release;
		};
/* End XCConfigurationList section */

/* Begin XCVersionGroup section */
		D0675223214F9CF60086B007 /* FungiDoo.xcdatamodeld */ = {
			isa = XCVersionGroup;
			children = (
				D0675224214F9CF60086B007 /* FungiDoo.xcdatamodel */,
			);
			currentVersion = D0675224214F9CF60086B007 /* FungiDoo.xcdatamodel */;
			path = FungiDoo.xcdatamodeld;
			sourceTree = "<group>";
			versionGroupType = wrapper.xcdatamodel;
		};
/* End XCVersionGroup section */
	};
	rootObject = D0675211214F9CF60086B007 /* Project object */;
}
